// !$*UTF8*$!
{
	archiveVersion = 1;
	classes = {
	};
	objectVersion = 50;
	objects = {

/* Begin PBXBuildFile section */
		7664D33B25668DC0009A2B91 /* sample WatchKit App.app in Embed Watch Content */ = {isa = PBXBuildFile; fileRef = 7664D33A25668DC0009A2B91 /* sample WatchKit App.app */; settings = {ATTRIBUTES = (RemoveHeadersOnCopy, ); }; };
		7664D34025668DC1009A2B91 /* Assets.xcassets in Resources */ = {isa = PBXBuildFile; fileRef = 7664D33F25668DC1009A2B91 /* Assets.xcassets */; };
		7664D34725668DC1009A2B91 /* sample WatchKit Extension.appex in Embed App Extensions */ = {isa = PBXBuildFile; fileRef = 7664D34625668DC1009A2B91 /* sample WatchKit Extension.appex */; settings = {ATTRIBUTES = (RemoveHeadersOnCopy, ); }; };
		7664D34C25668DC1009A2B91 /* sampleApp.swift in Sources */ = {isa = PBXBuildFile; fileRef = 7664D34B25668DC1009A2B91 /* sampleApp.swift */; };
		7664D34E25668DC1009A2B91 /* ContentView.swift in Sources */ = {isa = PBXBuildFile; fileRef = 7664D34D25668DC1009A2B91 /* ContentView.swift */; };
		7664D35025668DC1009A2B91 /* NotificationController.swift in Sources */ = {isa = PBXBuildFile; fileRef = 7664D34F25668DC1009A2B91 /* NotificationController.swift */; };
		7664D35225668DC1009A2B91 /* NotificationView.swift in Sources */ = {isa = PBXBuildFile; fileRef = 7664D35125668DC1009A2B91 /* NotificationView.swift */; };
		7664D35425668DC1009A2B91 /* ComplicationController.swift in Sources */ = {isa = PBXBuildFile; fileRef = 7664D35325668DC1009A2B91 /* ComplicationController.swift */; };
		7664D35625668DC2009A2B91 /* Assets.xcassets in Resources */ = {isa = PBXBuildFile; fileRef = 7664D35525668DC2009A2B91 /* Assets.xcassets */; };
		7664D35925668DC2009A2B91 /* Preview Assets.xcassets in Resources */ = {isa = PBXBuildFile; fileRef = 7664D35825668DC2009A2B91 /* Preview Assets.xcassets */; };
/* End PBXBuildFile section */

/* Begin PBXContainerItemProxy section */
		7664D33C25668DC0009A2B91 /* PBXContainerItemProxy */ = {
			isa = PBXContainerItemProxy;
			containerPortal = 7664D33025668DC0009A2B91 /* Project object */;
			proxyType = 1;
			remoteGlobalIDString = 7664D33925668DC0009A2B91;
			remoteInfo = "sample WatchKit App";
		};
		7664D34825668DC1009A2B91 /* PBXContainerItemProxy */ = {
			isa = PBXContainerItemProxy;
			containerPortal = 7664D33025668DC0009A2B91 /* Project object */;
			proxyType = 1;
			remoteGlobalIDString = 7664D34525668DC1009A2B91;
			remoteInfo = "sample WatchKit Extension";
		};
/* End PBXContainerItemProxy section */

/* Begin PBXCopyFilesBuildPhase section */
		7664D36125668DC2009A2B91 /* Embed App Extensions */ = {
			isa = PBXCopyFilesBuildPhase;
			buildActionMask = 2147483647;
			dstPath = "";
			dstSubfolderSpec = 13;
			files = (
				7664D34725668DC1009A2B91 /* sample WatchKit Extension.appex in Embed App Extensions */,
			);
			name = "Embed App Extensions";
			runOnlyForDeploymentPostprocessing = 0;
		};
		7664D36525668DC2009A2B91 /* Embed Watch Content */ = {
			isa = PBXCopyFilesBuildPhase;
			buildActionMask = 2147483647;
			dstPath = "$(CONTENTS_FOLDER_PATH)/Watch";
			dstSubfolderSpec = 16;
			files = (
				7664D33B25668DC0009A2B91 /* sample WatchKit App.app in Embed Watch Content */,
			);
			name = "Embed Watch Content";
			runOnlyForDeploymentPostprocessing = 0;
		};
/* End PBXCopyFilesBuildPhase section */

/* Begin PBXFileReference section */
		7664D33625668DC0009A2B91 /* sample.app */ = {isa = PBXFileReference; explicitFileType = wrapper.application; includeInIndex = 0; path = sample.app; sourceTree = BUILT_PRODUCTS_DIR; };
		7664D33A25668DC0009A2B91 /* sample WatchKit App.app */ = {isa = PBXFileReference; explicitFileType = wrapper.application; includeInIndex = 0; path = "sample WatchKit App.app"; sourceTree = BUILT_PRODUCTS_DIR; };
		7664D33F25668DC1009A2B91 /* Assets.xcassets */ = {isa = PBXFileReference; lastKnownFileType = folder.assetcatalog; path = Assets.xcassets; sourceTree = "<group>"; };
		7664D34125668DC1009A2B91 /* Info.plist */ = {isa = PBXFileReference; lastKnownFileType = text.plist.xml; path = Info.plist; sourceTree = "<group>"; };
		7664D34625668DC1009A2B91 /* sample WatchKit Extension.appex */ = {isa = PBXFileReference; explicitFileType = "wrapper.app-extension"; includeInIndex = 0; path = "sample WatchKit Extension.appex"; sourceTree = BUILT_PRODUCTS_DIR; };
		7664D34B25668DC1009A2B91 /* sampleApp.swift */ = {isa = PBXFileReference; lastKnownFileType = sourcecode.swift; path = sampleApp.swift; sourceTree = "<group>"; };
		7664D34D25668DC1009A2B91 /* ContentView.swift */ = {isa = PBXFileReference; lastKnownFileType = sourcecode.swift; path = ContentView.swift; sourceTree = "<group>"; };
		7664D34F25668DC1009A2B91 /* NotificationController.swift */ = {isa = PBXFileReference; lastKnownFileType = sourcecode.swift; path = NotificationController.swift; sourceTree = "<group>"; };
		7664D35125668DC1009A2B91 /* NotificationView.swift */ = {isa = PBXFileReference; lastKnownFileType = sourcecode.swift; path = NotificationView.swift; sourceTree = "<group>"; };
		7664D35325668DC1009A2B91 /* ComplicationController.swift */ = {isa = PBXFileReference; lastKnownFileType = sourcecode.swift; path = ComplicationController.swift; sourceTree = "<group>"; };
		7664D35525668DC2009A2B91 /* Assets.xcassets */ = {isa = PBXFileReference; lastKnownFileType = folder.assetcatalog; path = Assets.xcassets; sourceTree = "<group>"; };
		7664D35825668DC2009A2B91 /* Preview Assets.xcassets */ = {isa = PBXFileReference; lastKnownFileType = folder.assetcatalog; path = "Preview Assets.xcassets"; sourceTree = "<group>"; };
		7664D35A25668DC2009A2B91 /* Info.plist */ = {isa = PBXFileReference; lastKnownFileType = text.plist.xml; path = Info.plist; sourceTree = "<group>"; };
		7664D35B25668DC2009A2B91 /* PushNotificationPayload.apns */ = {isa = PBXFileReference; lastKnownFileType = text; path = PushNotificationPayload.apns; sourceTree = "<group>"; };
/* End PBXFileReference section */

/* Begin PBXFrameworksBuildPhase section */
		7664D34325668DC1009A2B91 /* Frameworks */ = {
			isa = PBXFrameworksBuildPhase;
			buildActionMask = 2147483647;
			files = (
			);
			runOnlyForDeploymentPostprocessing = 0;
		};
/* End PBXFrameworksBuildPhase section */

/* Begin PBXGroup section */
		7664D32F25668DC0009A2B91 = {
			isa = PBXGroup;
			children = (
				7664D33E25668DC0009A2B91 /* sample WatchKit App */,
				7664D34A25668DC1009A2B91 /* sample WatchKit Extension */,
				7664D33725668DC0009A2B91 /* Products */,
			);
			sourceTree = "<group>";
		};
		7664D33725668DC0009A2B91 /* Products */ = {
			isa = PBXGroup;
			children = (
				7664D33625668DC0009A2B91 /* sample.app */,
				7664D33A25668DC0009A2B91 /* sample WatchKit App.app */,
				7664D34625668DC1009A2B91 /* sample WatchKit Extension.appex */,
			);
			name = Products;
			sourceTree = "<group>";
		};
		7664D33E25668DC0009A2B91 /* sample WatchKit App */ = {
			isa = PBXGroup;
			children = (
				7664D33F25668DC1009A2B91 /* Assets.xcassets */,
				7664D34125668DC1009A2B91 /* Info.plist */,
			);
			path = "sample WatchKit App";
			sourceTree = "<group>";
		};
		7664D34A25668DC1009A2B91 /* sample WatchKit Extension */ = {
			isa = PBXGroup;
			children = (
				7664D34B25668DC1009A2B91 /* sampleApp.swift */,
				7664D34D25668DC1009A2B91 /* ContentView.swift */,
				7664D34F25668DC1009A2B91 /* NotificationController.swift */,
				7664D35125668DC1009A2B91 /* NotificationView.swift */,
				7664D35325668DC1009A2B91 /* ComplicationController.swift */,
				7664D35525668DC2009A2B91 /* Assets.xcassets */,
				7664D35A25668DC2009A2B91 /* Info.plist */,
				7664D35B25668DC2009A2B91 /* PushNotificationPayload.apns */,
				7664D35725668DC2009A2B91 /* Preview Content */,
			);
			path = "sample WatchKit Extension";
			sourceTree = "<group>";
		};
		7664D35725668DC2009A2B91 /* Preview Content */ = {
			isa = PBXGroup;
			children = (
				7664D35825668DC2009A2B91 /* Preview Assets.xcassets */,
			);
			path = "Preview Content";
			sourceTree = "<group>";
		};
/* End PBXGroup section */

/* Begin PBXNativeTarget section */
		7664D33525668DC0009A2B91 /* sample */ = {
			isa = PBXNativeTarget;
			buildConfigurationList = 7664D36625668DC2009A2B91 /* Build configuration list for PBXNativeTarget "sample" */;
			buildPhases = (
				7664D33425668DC0009A2B91 /* Resources */,
				7664D36525668DC2009A2B91 /* Embed Watch Content */,
			);
			buildRules = (
			);
			dependencies = (
				7664D33D25668DC0009A2B91 /* PBXTargetDependency */,
			);
			name = sample;
			productName = sample;
			productReference = 7664D33625668DC0009A2B91 /* sample.app */;
			productType = "com.apple.product-type.application.watchapp2-container";
		};
		7664D33925668DC0009A2B91 /* sample WatchKit App */ = {
			isa = PBXNativeTarget;
			buildConfigurationList = 7664D36225668DC2009A2B91 /* Build configuration list for PBXNativeTarget "sample WatchKit App" */;
			buildPhases = (
				7664D33825668DC0009A2B91 /* Resources */,
				7664D36125668DC2009A2B91 /* Embed App Extensions */,
			);
			buildRules = (
			);
			dependencies = (
				7664D34925668DC1009A2B91 /* PBXTargetDependency */,
			);
			name = "sample WatchKit App";
			productName = "sample WatchKit App";
			productReference = 7664D33A25668DC0009A2B91 /* sample WatchKit App.app */;
			productType = "com.apple.product-type.application.watchapp2";
		};
		7664D34525668DC1009A2B91 /* sample WatchKit Extension */ = {
			isa = PBXNativeTarget;
			buildConfigurationList = 7664D35E25668DC2009A2B91 /* Build configuration list for PBXNativeTarget "sample WatchKit Extension" */;
			buildPhases = (
				7664D34225668DC1009A2B91 /* Sources */,
				7664D34325668DC1009A2B91 /* Frameworks */,
				7664D34425668DC1009A2B91 /* Resources */,
			);
			buildRules = (
			);
			dependencies = (
			);
			name = "sample WatchKit Extension";
			productName = "sample WatchKit Extension";
			productReference = 7664D34625668DC1009A2B91 /* sample WatchKit Extension.appex */;
			productType = "com.apple.product-type.watchkit2-extension";
		};
/* End PBXNativeTarget section */

/* Begin PBXProject section */
		7664D33025668DC0009A2B91 /* Project object */ = {
			isa = PBXProject;
			attributes = {
				LastSwiftUpdateCheck = 1210;
				LastUpgradeCheck = 1210;
				TargetAttributes = {
					7664D33525668DC0009A2B91 = {
						CreatedOnToolsVersion = 12.1;
					};
					7664D33925668DC0009A2B91 = {
						CreatedOnToolsVersion = 12.1;
					};
					7664D34525668DC1009A2B91 = {
						CreatedOnToolsVersion = 12.1;
					};
				};
			};
			buildConfigurationList = 7664D33325668DC0009A2B91 /* Build configuration list for PBXProject "sample" */;
			compatibilityVersion = "Xcode 9.3";
			developmentRegion = en;
			hasScannedForEncodings = 0;
			knownRegions = (
				en,
				Base,
			);
			mainGroup = 7664D32F25668DC0009A2B91;
			productRefGroup = 7664D33725668DC0009A2B91 /* Products */;
			projectDirPath = "";
			projectRoot = "";
			targets = (
				7664D33525668DC0009A2B91 /* sample */,
				7664D33925668DC0009A2B91 /* sample WatchKit App */,
				7664D34525668DC1009A2B91 /* sample WatchKit Extension */,
			);
		};
/* End PBXProject section */

/* Begin PBXResourcesBuildPhase section */
		7664D33425668DC0009A2B91 /* Resources */ = {
			isa = PBXResourcesBuildPhase;
			buildActionMask = 2147483647;
			files = (
			);
			runOnlyForDeploymentPostprocessing = 0;
		};
		7664D33825668DC0009A2B91 /* Resources */ = {
			isa = PBXResourcesBuildPhase;
			buildActionMask = 2147483647;
			files = (
				7664D34025668DC1009A2B91 /* Assets.xcassets in Resources */,
			);
			runOnlyForDeploymentPostprocessing = 0;
		};
		7664D34425668DC1009A2B91 /* Resources */ = {
			isa = PBXResourcesBuildPhase;
			buildActionMask = 2147483647;
			files = (
				7664D35925668DC2009A2B91 /* Preview Assets.xcassets in Resources */,
				7664D35625668DC2009A2B91 /* Assets.xcassets in Resources */,
			);
			runOnlyForDeploymentPostprocessing = 0;
		};
/* End PBXResourcesBuildPhase section */

/* Begin PBXSourcesBuildPhase section */
		7664D34225668DC1009A2B91 /* Sources */ = {
			isa = PBXSourcesBuildPhase;
			buildActionMask = 2147483647;
			files = (
				7664D35025668DC1009A2B91 /* NotificationController.swift in Sources */,
				7664D34E25668DC1009A2B91 /* ContentView.swift in Sources */,
				7664D35425668DC1009A2B91 /* ComplicationController.swift in Sources */,
				7664D34C25668DC1009A2B91 /* sampleApp.swift in Sources */,
				7664D35225668DC1009A2B91 /* NotificationView.swift in Sources */,
			);
			runOnlyForDeploymentPostprocessing = 0;
		};
/* End PBXSourcesBuildPhase section */

/* Begin PBXTargetDependency section */
		7664D33D25668DC0009A2B91 /* PBXTargetDependency */ = {
			isa = PBXTargetDependency;
			target = 7664D33925668DC0009A2B91 /* sample WatchKit App */;
			targetProxy = 7664D33C25668DC0009A2B91 /* PBXContainerItemProxy */;
		};
		7664D34925668DC1009A2B91 /* PBXTargetDependency */ = {
			isa = PBXTargetDependency;
			target = 7664D34525668DC1009A2B91 /* sample WatchKit Extension */;
			targetProxy = 7664D34825668DC1009A2B91 /* PBXContainerItemProxy */;
		};
/* End PBXTargetDependency section */

/* Begin XCBuildConfiguration section */
		7664D35C25668DC2009A2B91 /* Debug */ = {
			isa = XCBuildConfiguration;
			buildSettings = {
				ALWAYS_SEARCH_USER_PATHS = NO;
				CLANG_ANALYZER_NONNULL = YES;
				CLANG_ANALYZER_NUMBER_OBJECT_CONVERSION = YES_AGGRESSIVE;
				CLANG_CXX_LANGUAGE_STANDARD = "gnu++14";
				CLANG_CXX_LIBRARY = "libc++";
				CLANG_ENABLE_MODULES = YES;
				CLANG_ENABLE_OBJC_ARC = YES;
				CLANG_ENABLE_OBJC_WEAK = YES;
				CLANG_WARN_BLOCK_CAPTURE_AUTORELEASING = YES;
				CLANG_WARN_BOOL_CONVERSION = YES;
				CLANG_WARN_COMMA = YES;
				CLANG_WARN_CONSTANT_CONVERSION = YES;
				CLANG_WARN_DEPRECATED_OBJC_IMPLEMENTATIONS = YES;
				CLANG_WARN_DIRECT_OBJC_ISA_USAGE = YES_ERROR;
				CLANG_WARN_DOCUMENTATION_COMMENTS = YES;
				CLANG_WARN_EMPTY_BODY = YES;
				CLANG_WARN_ENUM_CONVERSION = YES;
				CLANG_WARN_INFINITE_RECURSION = YES;
				CLANG_WARN_INT_CONVERSION = YES;
				CLANG_WARN_NON_LITERAL_NULL_CONVERSION = YES;
				CLANG_WARN_OBJC_IMPLICIT_RETAIN_SELF = YES;
				CLANG_WARN_OBJC_LITERAL_CONVERSION = YES;
				CLANG_WARN_OBJC_ROOT_CLASS = YES_ERROR;
				CLANG_WARN_QUOTED_INCLUDE_IN_FRAMEWORK_HEADER = YES;
				CLANG_WARN_RANGE_LOOP_ANALYSIS = YES;
				CLANG_WARN_STRICT_PROTOTYPES = YES;
				CLANG_WARN_SUSPICIOUS_MOVE = YES;
				CLANG_WARN_UNGUARDED_AVAILABILITY = YES_AGGRESSIVE;
				CLANG_WARN_UNREACHABLE_CODE = YES;
				CLANG_WARN__DUPLICATE_METHOD_MATCH = YES;
				COPY_PHASE_STRIP = NO;
				DEBUG_INFORMATION_FORMAT = dwarf;
				ENABLE_STRICT_OBJC_MSGSEND = YES;
				ENABLE_TESTABILITY = YES;
				GCC_C_LANGUAGE_STANDARD = gnu11;
				GCC_DYNAMIC_NO_PIC = NO;
				GCC_NO_COMMON_BLOCKS = YES;
				GCC_OPTIMIZATION_LEVEL = 0;
				GCC_PREPROCESSOR_DEFINITIONS = (
					"DEBUG=1",
					"$(inherited)",
				);
				GCC_WARN_64_TO_32_BIT_CONVERSION = YES;
				GCC_WARN_ABOUT_RETURN_TYPE = YES_ERROR;
				GCC_WARN_UNDECLARED_SELECTOR = YES;
				GCC_WARN_UNINITIALIZED_AUTOS = YES_AGGRESSIVE;
				GCC_WARN_UNUSED_FUNCTION = YES;
				GCC_WARN_UNUSED_VARIABLE = YES;
				MTL_ENABLE_DEBUG_INFO = INCLUDE_SOURCE;
				MTL_FAST_MATH = YES;
				ONLY_ACTIVE_ARCH = YES;
				SDKROOT = iphoneos;
				SWIFT_ACTIVE_COMPILATION_CONDITIONS = DEBUG;
				SWIFT_OPTIMIZATION_LEVEL = "-Onone";
			};
			name = Debug;
		};
		7664D35D25668DC2009A2B91 /* Release */ = {
			isa = XCBuildConfiguration;
			buildSettings = {
				ALWAYS_SEARCH_USER_PATHS = NO;
				CLANG_ANALYZER_NONNULL = YES;
				CLANG_ANALYZER_NUMBER_OBJECT_CONVERSION = YES_AGGRESSIVE;
				CLANG_CXX_LANGUAGE_STANDARD = "gnu++14";
				CLANG_CXX_LIBRARY = "libc++";
				CLANG_ENABLE_MODULES = YES;
				CLANG_ENABLE_OBJC_ARC = YES;
				CLANG_ENABLE_OBJC_WEAK = YES;
				CLANG_WARN_BLOCK_CAPTURE_AUTORELEASING = YES;
				CLANG_WARN_BOOL_CONVERSION = YES;
				CLANG_WARN_COMMA = YES;
				CLANG_WARN_CONSTANT_CONVERSION = YES;
				CLANG_WARN_DEPRECATED_OBJC_IMPLEMENTATIONS = YES;
				CLANG_WARN_DIRECT_OBJC_ISA_USAGE = YES_ERROR;
				CLANG_WARN_DOCUMENTATION_COMMENTS = YES;
				CLANG_WARN_EMPTY_BODY = YES;
				CLANG_WARN_ENUM_CONVERSION = YES;
				CLANG_WARN_INFINITE_RECURSION = YES;
				CLANG_WARN_INT_CONVERSION = YES;
				CLANG_WARN_NON_LITERAL_NULL_CONVERSION = YES;
				CLANG_WARN_OBJC_IMPLICIT_RETAIN_SELF = YES;
				CLANG_WARN_OBJC_LITERAL_CONVERSION = YES;
				CLANG_WARN_OBJC_ROOT_CLASS = YES_ERROR;
				CLANG_WARN_QUOTED_INCLUDE_IN_FRAMEWORK_HEADER = YES;
				CLANG_WARN_RANGE_LOOP_ANALYSIS = YES;
				CLANG_WARN_STRICT_PROTOTYPES = YES;
				CLANG_WARN_SUSPICIOUS_MOVE = YES;
				CLANG_WARN_UNGUARDED_AVAILABILITY = YES_AGGRESSIVE;
				CLANG_WARN_UNREACHABLE_CODE = YES;
				CLANG_WARN__DUPLICATE_METHOD_MATCH = YES;
				COPY_PHASE_STRIP = NO;
				DEBUG_INFORMATION_FORMAT = "dwarf-with-dsym";
				ENABLE_NS_ASSERTIONS = NO;
				ENABLE_STRICT_OBJC_MSGSEND = YES;
				GCC_C_LANGUAGE_STANDARD = gnu11;
				GCC_NO_COMMON_BLOCKS = YES;
				GCC_WARN_64_TO_32_BIT_CONVERSION = YES;
				GCC_WARN_ABOUT_RETURN_TYPE = YES_ERROR;
				GCC_WARN_UNDECLARED_SELECTOR = YES;
				GCC_WARN_UNINITIALIZED_AUTOS = YES_AGGRESSIVE;
				GCC_WARN_UNUSED_FUNCTION = YES;
				GCC_WARN_UNUSED_VARIABLE = YES;
				MTL_ENABLE_DEBUG_INFO = NO;
				MTL_FAST_MATH = YES;
				SDKROOT = iphoneos;
				SWIFT_COMPILATION_MODE = wholemodule;
				SWIFT_OPTIMIZATION_LEVEL = "-O";
				VALIDATE_PRODUCT = YES;
			};
			name = Release;
		};
		7664D35F25668DC2009A2B91 /* Debug */ = {
			isa = XCBuildConfiguration;
			buildSettings = {
				ASSETCATALOG_COMPILER_COMPLICATION_NAME = Complication;
				CODE_SIGN_STYLE = Automatic;
				DEVELOPMENT_ASSET_PATHS = "\"sample WatchKit Extension/Preview Content\"";
				ENABLE_PREVIEWS = YES;
				INFOPLIST_FILE = "sample WatchKit Extension/Info.plist";
				LD_RUNPATH_SEARCH_PATHS = (
					"$(inherited)",
					"@executable_path/Frameworks",
					"@executable_path/../../Frameworks",
				);
				PRODUCT_BUNDLE_IDENTIFIER = ryo.kawamata.sample.watchkitapp.watchkitextension;
				PRODUCT_NAME = "${TARGET_NAME}";
				SDKROOT = watchos;
				SKIP_INSTALL = YES;
				SWIFT_VERSION = 5.0;
				TARGETED_DEVICE_FAMILY = 4;
				WATCHOS_DEPLOYMENT_TARGET = 7.0;
			};
			name = Debug;
		};
		7664D36025668DC2009A2B91 /* Release */ = {
			isa = XCBuildConfiguration;
			buildSettings = {
				ASSETCATALOG_COMPILER_COMPLICATION_NAME = Complication;
				CODE_SIGN_STYLE = Automatic;
				DEVELOPMENT_ASSET_PATHS = "\"sample WatchKit Extension/Preview Content\"";
				ENABLE_PREVIEWS = YES;
				INFOPLIST_FILE = "sample WatchKit Extension/Info.plist";
				LD_RUNPATH_SEARCH_PATHS = (
					"$(inherited)",
					"@executable_path/Frameworks",
					"@executable_path/../../Frameworks",
				);
				PRODUCT_BUNDLE_IDENTIFIER = ryo.kawamata.sample.watchkitapp.watchkitextension;
				PRODUCT_NAME = "${TARGET_NAME}";
				SDKROOT = watchos;
				SKIP_INSTALL = YES;
				SWIFT_VERSION = 5.0;
				TARGETED_DEVICE_FAMILY = 4;
				WATCHOS_DEPLOYMENT_TARGET = 7.0;
			};
			name = Release;
		};
		7664D36325668DC2009A2B91 /* Debug */ = {
			isa = XCBuildConfiguration;
			buildSettings = {
				ALWAYS_EMBED_SWIFT_STANDARD_LIBRARIES = YES;
				ASSETCATALOG_COMPILER_APPICON_NAME = AppIcon;
				ASSETCATALOG_COMPILER_GLOBAL_ACCENT_COLOR_NAME = AccentColor;
				CODE_SIGN_STYLE = Automatic;
				IBSC_MODULE = sample_WatchKit_Extension;
				INFOPLIST_FILE = "sample WatchKit App/Info.plist";
				PRODUCT_BUNDLE_IDENTIFIER = ryo.kawamata.sample.watchkitapp;
				PRODUCT_NAME = "$(TARGET_NAME)";
				SDKROOT = watchos;
				SKIP_INSTALL = YES;
				SWIFT_VERSION = 5.0;
				TARGETED_DEVICE_FAMILY = 4;
				WATCHOS_DEPLOYMENT_TARGET = 7.0;
			};
			name = Debug;
		};
		7664D36425668DC2009A2B91 /* Release */ = {
			isa = XCBuildConfiguration;
			buildSettings = {
				ALWAYS_EMBED_SWIFT_STANDARD_LIBRARIES = YES;
				ASSETCATALOG_COMPILER_APPICON_NAME = AppIcon;
				ASSETCATALOG_COMPILER_GLOBAL_ACCENT_COLOR_NAME = AccentColor;
				CODE_SIGN_STYLE = Automatic;
				IBSC_MODULE = sample_WatchKit_Extension;
				INFOPLIST_FILE = "sample WatchKit App/Info.plist";
				PRODUCT_BUNDLE_IDENTIFIER = ryo.kawamata.sample.watchkitapp;
				PRODUCT_NAME = "$(TARGET_NAME)";
				SDKROOT = watchos;
				SKIP_INSTALL = YES;
				SWIFT_VERSION = 5.0;
				TARGETED_DEVICE_FAMILY = 4;
				WATCHOS_DEPLOYMENT_TARGET = 7.0;
			};
			name = Release;
		};
		7664D36725668DC2009A2B91 /* Debug */ = {
			isa = XCBuildConfiguration;
			buildSettings = {
				CODE_SIGN_STYLE = Automatic;
				CURRENT_PROJECT_VERSION = 1;
				MARKETING_VERSION = 1.0;
				PRODUCT_BUNDLE_IDENTIFIER = ryo.kawamata.sample;
				PRODUCT_NAME = "$(TARGET_NAME)";
				SWIFT_VERSION = 5.0;
			};
			name = Debug;
		};
		7664D36825668DC2009A2B91 /* Release */ = {
			isa = XCBuildConfiguration;
			buildSettings = {
				CODE_SIGN_STYLE = Automatic;
				CURRENT_PROJECT_VERSION = 1;
				MARKETING_VERSION = 1.0;
				PRODUCT_BUNDLE_IDENTIFIER = ryo.kawamata.sample;
				PRODUCT_NAME = "$(TARGET_NAME)";
				SWIFT_VERSION = 5.0;
			};
			name = Release;
		};
/* End XCBuildConfiguration section */

/* Begin XCConfigurationList section */
		7664D33325668DC0009A2B91 /* Build configuration list for PBXProject "sample" */ = {
			isa = XCConfigurationList;
			buildConfigurations = (
				7664D35C25668DC2009A2B91 /* Debug */,
				7664D35D25668DC2009A2B91 /* Release */,
			);
			defaultConfigurationIsVisible = 0;
			defaultConfigurationName = Release;
		};
		7664D35E25668DC2009A2B91 /* Build configuration list for PBXNativeTarget "sample WatchKit Extension" */ = {
			isa = XCConfigurationList;
			buildConfigurations = (
				7664D35F25668DC2009A2B91 /* Debug */,
				7664D36025668DC2009A2B91 /* Release */,
			);
			defaultConfigurationIsVisible = 0;
			defaultConfigurationName = Release;
		};
		7664D36225668DC2009A2B91 /* Build configuration list for PBXNativeTarget "sample WatchKit App" */ = {
			isa = XCConfigurationList;
			buildConfigurations = (
				7664D36325668DC2009A2B91 /* Debug */,
				7664D36425668DC2009A2B91 /* Release */,
			);
			defaultConfigurationIsVisible = 0;
			defaultConfigurationName = Release;
		};
		7664D36625668DC2009A2B91 /* Build configuration list for PBXNativeTarget "sample" */ = {
			isa = XCConfigurationList;
			buildConfigurations = (
				7664D36725668DC2009A2B91 /* Debug */,
				7664D36825668DC2009A2B91 /* Release */,
			);
			defaultConfigurationIsVisible = 0;
			defaultConfigurationName = Release;
		};
/* End XCConfigurationList section */
	};
	rootObject = 7664D33025668DC0009A2B91 /* Project object */;
}
